
Microsoft Visual Studio Solution File, Format Version 12.00
# Visual Studio Version 16
VisualStudioVersion = 16.0.31205.134
MinimumVisualStudioVersion = 10.0.40219.1
Project("{FAE04EC0-301F-11D3-BF4B-00C04F79EFBC}") = "ByteBank.SistemaInterno", "ByteBank.SistemaInterno\ByteBank.SistemaInterno.csproj", "{E843BCC8-6DC5-45D2-AF5A-782C082C626A}"
EndProject
Global
	GlobalSection(SolutionConfigurationPlatforms) = preSolution
		Debug|Any CPU = Debug|Any CPU
		Release|Any CPU = Release|Any CPU
	EndGlobalSection
	GlobalSection(ProjectConfigurationPlatforms) = postSolution
		{E843BCC8-6DC5-45D2-AF5A-782C082C626A}.Debug|Any CPU.ActiveCfg = Debug|Any CPU
		{E843BCC8-6DC5-45D2-AF5A-782C082C626A}.Debug|Any CPU.Build.0 = Debug|Any CPU
		{E843BCC8-6DC5-45D2-AF5A-782C082C626A}.Release|Any CPU.ActiveCfg = Release|Any CPU
		{E843BCC8-6DC5-45D2-AF5A-782C082C626A}.Release|Any CPU.Build.0 = Release|Any CPU
	EndGlobalSection
	GlobalSection(SolutionProperties) = preSolution
		HideSolutionNode = FALSE
	EndGlobalSection
	GlobalSection(ExtensibilityGlobals) = postSolution
		SolutionGuid = {4DDA86C0-9CF9-4735-986C-3F48B2F2C9FF}
	EndGlobalSection
EndGlobal
