
Microsoft Visual Studio Solution File, Format Version 12.00
# Visual Studio Version 16
VisualStudioVersion = 16.0.31205.134
MinimumVisualStudioVersion = 10.0.40219.1
Project("{FAE04EC0-301F-11D3-BF4B-00C04F79EFBC}") = "01-ByteBank", "01-ByteBank\01-ByteBank.csproj", "{7F8B7A8C-42B8-4A10-A4CB-DDE2B360FC0E}"
EndProject
Project("{FAE04EC0-301F-11D3-BF4B-00C04F79EFBC}") = "02-ByteBank", "02-ByteBank\02-ByteBank.csproj", "{DB03C284-FA2E-4658-9ABD-EC0E0A3F78EA}"
EndProject
Project("{FAE04EC0-301F-11D3-BF4B-00C04F79EFBC}") = "03-ByteBank", "03-ByteBank\03-ByteBank.csproj", "{3CD5D7E3-2B02-4505-8EC0-6E38496B23C1}"
EndProject
Project("{FAE04EC0-301F-11D3-BF4B-00C04F79EFBC}") = "04-ByteBank", "04-ByteBank\04-ByteBank.csproj", "{26BE360B-218E-44AE-A772-E807B7ADDA35}"
EndProject
Project("{FAE04EC0-301F-11D3-BF4B-00C04F79EFBC}") = "05-ByteBank", "05-ByteBank\05-ByteBank.csproj", "{07059C48-75AF-41E2-BA66-112B091D3F80}"
EndProject
Project("{FAE04EC0-301F-11D3-BF4B-00C04F79EFBC}") = "06-ByteBank", "06-ByteBank\06-ByteBank.csproj", "{C88E2620-34EB-4188-A9A2-48DC07ACAFA4}"
EndProject
Project("{FAE04EC0-301F-11D3-BF4B-00C04F79EFBC}") = "07-ByteBank", "07-ByteBank\07-ByteBank.csproj", "{BCC22EFF-C9F6-4514-8BC2-8EA40A6B6E81}"
EndProject
Global
	GlobalSection(SolutionConfigurationPlatforms) = preSolution
		Debug|Any CPU = Debug|Any CPU
		Release|Any CPU = Release|Any CPU
	EndGlobalSection
	GlobalSection(ProjectConfigurationPlatforms) = postSolution
		{7F8B7A8C-42B8-4A10-A4CB-DDE2B360FC0E}.Debug|Any CPU.ActiveCfg = Debug|Any CPU
		{7F8B7A8C-42B8-4A10-A4CB-DDE2B360FC0E}.Debug|Any CPU.Build.0 = Debug|Any CPU
		{7F8B7A8C-42B8-4A10-A4CB-DDE2B360FC0E}.Release|Any CPU.ActiveCfg = Release|Any CPU
		{7F8B7A8C-42B8-4A10-A4CB-DDE2B360FC0E}.Release|Any CPU.Build.0 = Release|Any CPU
		{DB03C284-FA2E-4658-9ABD-EC0E0A3F78EA}.Debug|Any CPU.ActiveCfg = Debug|Any CPU
		{DB03C284-FA2E-4658-9ABD-EC0E0A3F78EA}.Debug|Any CPU.Build.0 = Debug|Any CPU
		{DB03C284-FA2E-4658-9ABD-EC0E0A3F78EA}.Release|Any CPU.ActiveCfg = Release|Any CPU
		{DB03C284-FA2E-4658-9ABD-EC0E0A3F78EA}.Release|Any CPU.Build.0 = Release|Any CPU
		{3CD5D7E3-2B02-4505-8EC0-6E38496B23C1}.Debug|Any CPU.ActiveCfg = Debug|Any CPU
		{3CD5D7E3-2B02-4505-8EC0-6E38496B23C1}.Debug|Any CPU.Build.0 = Debug|Any CPU
		{3CD5D7E3-2B02-4505-8EC0-6E38496B23C1}.Release|Any CPU.ActiveCfg = Release|Any CPU
		{3CD5D7E3-2B02-4505-8EC0-6E38496B23C1}.Release|Any CPU.Build.0 = Release|Any CPU
		{26BE360B-218E-44AE-A772-E807B7ADDA35}.Debug|Any CPU.ActiveCfg = Debug|Any CPU
		{26BE360B-218E-44AE-A772-E807B7ADDA35}.Debug|Any CPU.Build.0 = Debug|Any CPU
		{26BE360B-218E-44AE-A772-E807B7ADDA35}.Release|Any CPU.ActiveCfg = Release|Any CPU
		{26BE360B-218E-44AE-A772-E807B7ADDA35}.Release|Any CPU.Build.0 = Release|Any CPU
		{07059C48-75AF-41E2-BA66-112B091D3F80}.Debug|Any CPU.ActiveCfg = Debug|Any CPU
		{07059C48-75AF-41E2-BA66-112B091D3F80}.Debug|Any CPU.Build.0 = Debug|Any CPU
		{07059C48-75AF-41E2-BA66-112B091D3F80}.Release|Any CPU.ActiveCfg = Release|Any CPU
		{07059C48-75AF-41E2-BA66-112B091D3F80}.Release|Any CPU.Build.0 = Release|Any CPU
		{C88E2620-34EB-4188-A9A2-48DC07ACAFA4}.Debug|Any CPU.ActiveCfg = Debug|Any CPU
		{C88E2620-34EB-4188-A9A2-48DC07ACAFA4}.Debug|Any CPU.Build.0 = Debug|Any CPU
		{C88E2620-34EB-4188-A9A2-48DC07ACAFA4}.Release|Any CPU.ActiveCfg = Release|Any CPU
		{C88E2620-34EB-4188-A9A2-48DC07ACAFA4}.Release|Any CPU.Build.0 = Release|Any CPU
		{BCC22EFF-C9F6-4514-8BC2-8EA40A6B6E81}.Debug|Any CPU.ActiveCfg = Debug|Any CPU
		{BCC22EFF-C9F6-4514-8BC2-8EA40A6B6E81}.Debug|Any CPU.Build.0 = Debug|Any CPU
		{BCC22EFF-C9F6-4514-8BC2-8EA40A6B6E81}.Release|Any CPU.ActiveCfg = Release|Any CPU
		{BCC22EFF-C9F6-4514-8BC2-8EA40A6B6E81}.Release|Any CPU.Build.0 = Release|Any CPU
	EndGlobalSection
	GlobalSection(SolutionProperties) = preSolution
		HideSolutionNode = FALSE
	EndGlobalSection
	GlobalSection(ExtensibilityGlobals) = postSolution
		SolutionGuid = {4CF25158-7B53-4531-82E3-2DC31E9F90BD}
	EndGlobalSection
EndGlobal
